
Microsoft Visual Studio Solution File, Format Version 12.00
# Visual Studio Version 17
VisualStudioVersion = 17.4.33205.214
MinimumVisualStudioVersion = 10.0.40219.1
Project("{FAE04EC0-301F-11D3-BF4B-00C04F79EFBC}") = "NZWalks.API", "NZWalks.API\NZWalks.API.csproj", "{E2AA56C3-9322-49C6-B29B-B54C85361B02}"
EndProject
Global
	GlobalSection(SolutionConfigurationPlatforms) = preSolution
		Debug|Any CPU = Debug|Any CPU
		Release|Any CPU = Release|Any CPU
	EndGlobalSection
	GlobalSection(ProjectConfigurationPlatforms) = postSolution
		{E2AA56C3-9322-49C6-B29B-B54C85361B02}.Debug|Any CPU.ActiveCfg = Debug|Any CPU
		{E2AA56C3-9322-49C6-B29B-B54C85361B02}.Debug|Any CPU.Build.0 = Debug|Any CPU
		{E2AA56C3-9322-49C6-B29B-B54C85361B02}.Release|Any CPU.ActiveCfg = Release|Any CPU
		{E2AA56C3-9322-49C6-B29B-B54C85361B02}.Release|Any CPU.Build.0 = Release|Any CPU
	EndGlobalSection
	GlobalSection(SolutionProperties) = preSolution
		HideSolutionNode = FALSE
	EndGlobalSection
	GlobalSection(ExtensibilityGlobals) = postSolution
		SolutionGuid = {E13B52F3-89CE-461F-AFE6-20E6A32FC9DE}
	EndGlobalSection
EndGlobal
